dependencies:
- name: mariadb
  repository: https://charts.bitnami.com/bitnami
  version: 11.3.0
- name: mariadb-galera
  repository: https://charts.bitnami.com/bitnami
  version: 7.4.1
- name: redis
  repository: https://charts.bitnami.com/bitnami
  version: 17.1.5
- name: redis-cluster
  repository: https://charts.bitnami.com/bitnami
  version: 8.2.2
- name: passbolt-ha-monitor
  repository: https://anatomicjc.gitlab.io/helm-charts
  version: 0.0.6
digest: sha256:a7c45328631ef60e5958b9702afb860b3f7d3c630c3d9fa1e263540ff0d31146
generated: "2022-09-14T16:36:41.289695302+02:00"
