dependencies:
- name: mariadb
  repository: https://charts.bitnami.com/bitnami
  version: 11.3.0
- name: mariadb-galera
  repository: https://charts.bitnami.com/bitnami
  version: 7.4.1
- name: redis
  repository: https://charts.bitnami.com/bitnami
  version: 17.1.4
- name: redis-cluster
  repository: https://charts.bitnami.com/bitnami
  version: 8.2.1
- name: passbolt-ha-monitor
  repository: https://anatomicjc.gitlab.io/helm-charts
  version: 0.0.1
digest: sha256:0643e9f0390aa7237a43783eb57146bac8325ec23d0c6d0ad61f840cbd1da448
generated: "2022-09-06T21:27:10.823126+02:00"
