dependencies:
- name: mariadb
  repository: https://charts.bitnami.com/bitnami
  version: 11.3.0
- name: mariadb-galera
  repository: https://charts.bitnami.com/bitnami
  version: 7.4.1
- name: redis
  repository: https://charts.bitnami.com/bitnami
  version: 17.1.4
- name: redis-cluster
  repository: https://charts.bitnami.com/bitnami
  version: 8.2.1
- name: passbolt-ha-monitor
  repository: https://anatomicjc.gitlab.io/helm-charts
  version: 0.0.5
digest: sha256:8e3fb8ea893cfd67470adb596fa5a730b4220739f9ad17686e19eabcccecd098
generated: "2022-09-08T06:08:09.427048+02:00"
